
Microsoft Visual Studio Solution File, Format Version 12.00
# Visual Studio Version 16
VisualStudioVersion = 16.0.29519.87
MinimumVisualStudioVersion = 10.0.40219.1
Project("{FAE04EC0-301F-11D3-BF4B-00C04F79EFBC}") = "WorldCup", "WorldCup\WorldCup.csproj", "{2702A7FE-18B2-4C5C-85E7-7A0157A8CDD2}"
EndProject
Project("{FAE04EC0-301F-11D3-BF4B-00C04F79EFBC}") = "TestWorldCup", "TestWorldCup\TestWorldCup.csproj", "{4C87A827-2B7F-4AB7-BD08-320CD017D805}"
EndProject
Global
	GlobalSection(SolutionConfigurationPlatforms) = preSolution
		Debug|Any CPU = Debug|Any CPU
		Release|Any CPU = Release|Any CPU
	EndGlobalSection
	GlobalSection(ProjectConfigurationPlatforms) = postSolution
		{2702A7FE-18B2-4C5C-85E7-7A0157A8CDD2}.Debug|Any CPU.ActiveCfg = Debug|Any CPU
		{2702A7FE-18B2-4C5C-85E7-7A0157A8CDD2}.Debug|Any CPU.Build.0 = Debug|Any CPU
		{2702A7FE-18B2-4C5C-85E7-7A0157A8CDD2}.Release|Any CPU.ActiveCfg = Release|Any CPU
		{2702A7FE-18B2-4C5C-85E7-7A0157A8CDD2}.Release|Any CPU.Build.0 = Release|Any CPU
		{4C87A827-2B7F-4AB7-BD08-320CD017D805}.Debug|Any CPU.ActiveCfg = Debug|Any CPU
		{4C87A827-2B7F-4AB7-BD08-320CD017D805}.Debug|Any CPU.Build.0 = Debug|Any CPU
		{4C87A827-2B7F-4AB7-BD08-320CD017D805}.Release|Any CPU.ActiveCfg = Release|Any CPU
		{4C87A827-2B7F-4AB7-BD08-320CD017D805}.Release|Any CPU.Build.0 = Release|Any CPU
	EndGlobalSection
	GlobalSection(SolutionProperties) = preSolution
		HideSolutionNode = FALSE
	EndGlobalSection
	GlobalSection(ExtensibilityGlobals) = postSolution
		SolutionGuid = {B64C9844-D2A6-4373-9A92-3412D22A7280}
	EndGlobalSection
EndGlobal
